
Microsoft Visual Studio Solution File, Format Version 12.00
# Visual Studio Version 17
VisualStudioVersion = 17.6.33829.357
MinimumVisualStudioVersion = 10.0.40219.1
Project("{8BC9CEB8-8B4A-11D0-8D11-00A0C91BC942}") = "Audio", "Source\Engine\Audio\Audio.vcxproj", "{6EC2E46D-3735-4F80-8E93-85A9E6B8B222}"
EndProject
Project("{8BC9CEB8-8B4A-11D0-8D11-00A0C91BC942}") = "Core", "Source\Engine\Core\Core.vcxproj", "{2E09A753-3084-4C98-A6B2-EAB18911A2F7}"
EndProject
Project("{8BC9CEB8-8B4A-11D0-8D11-00A0C91BC942}") = "Framework", "Source\Engine\Framework\Framework.vcxproj", "{EE272D78-0C28-43C0-9F4A-61593FCCED0E}"
EndProject
Project("{8BC9CEB8-8B4A-11D0-8D11-00A0C91BC942}") = "Input", "Source\Engine\Input\Input.vcxproj", "{6A3DABA7-B711-4611-A110-4039E2D23196}"
EndProject
Project("{8BC9CEB8-8B4A-11D0-8D11-00A0C91BC942}") = "Renderer", "Source\Engine\Renderer\Renderer.vcxproj", "{E8F29194-F52B-4841-89A6-163B65AAF207}"
EndProject
Project("{2150E333-8FDC-42A3-9474-1A3956D46DE8}") = "Engine", "Engine", "{97235E03-FEC9-49A5-AAE5-C8C11C929EE2}"
EndProject
Project("{2150E333-8FDC-42A3-9474-1A3956D46DE8}") = "Game", "Game", "{64FF070E-B2E4-40F2-B090-D44080FE1C29}"
EndProject
Project("{8BC9CEB8-8B4A-11D0-8D11-00A0C91BC942}") = "Game", "Source\Game\Game\Game.vcxproj", "{263A328F-E0A4-428A-BB57-8EFDE6EE00B0}"
EndProject
Project("{8BC9CEB8-8B4A-11D0-8D11-00A0C91BC942}") = "Phsyics", "Source\Engine\Phsyics\Phsyics.vcxproj", "{659D96E5-65D6-4AB1-A316-A94678B460B2}"
EndProject
Project("{8BC9CEB8-8B4A-11D0-8D11-00A0C91BC942}") = "StardewBrawl", "Source\Game\StardewBrawl\StardewBrawl.vcxproj", "{0BE4C742-19B4-4D77-926B-19B66EA48CE8}"
EndProject
Global
	GlobalSection(SolutionConfigurationPlatforms) = preSolution
		Debug|x64 = Debug|x64
		Debug|x86 = Debug|x86
		Release|x64 = Release|x64
		Release|x86 = Release|x86
	EndGlobalSection
	GlobalSection(ProjectConfigurationPlatforms) = postSolution
		{6EC2E46D-3735-4F80-8E93-85A9E6B8B222}.Debug|x64.ActiveCfg = Debug|x64
		{6EC2E46D-3735-4F80-8E93-85A9E6B8B222}.Debug|x64.Build.0 = Debug|x64
		{6EC2E46D-3735-4F80-8E93-85A9E6B8B222}.Debug|x86.ActiveCfg = Debug|Win32
		{6EC2E46D-3735-4F80-8E93-85A9E6B8B222}.Debug|x86.Build.0 = Debug|Win32
		{6EC2E46D-3735-4F80-8E93-85A9E6B8B222}.Release|x64.ActiveCfg = Release|x64
		{6EC2E46D-3735-4F80-8E93-85A9E6B8B222}.Release|x64.Build.0 = Release|x64
		{6EC2E46D-3735-4F80-8E93-85A9E6B8B222}.Release|x86.ActiveCfg = Release|Win32
		{6EC2E46D-3735-4F80-8E93-85A9E6B8B222}.Release|x86.Build.0 = Release|Win32
		{2E09A753-3084-4C98-A6B2-EAB18911A2F7}.Debug|x64.ActiveCfg = Debug|x64
		{2E09A753-3084-4C98-A6B2-EAB18911A2F7}.Debug|x64.Build.0 = Debug|x64
		{2E09A753-3084-4C98-A6B2-EAB18911A2F7}.Debug|x86.ActiveCfg = Debug|Win32
		{2E09A753-3084-4C98-A6B2-EAB18911A2F7}.Debug|x86.Build.0 = Debug|Win32
		{2E09A753-3084-4C98-A6B2-EAB18911A2F7}.Release|x64.ActiveCfg = Release|x64
		{2E09A753-3084-4C98-A6B2-EAB18911A2F7}.Release|x64.Build.0 = Release|x64
		{2E09A753-3084-4C98-A6B2-EAB18911A2F7}.Release|x86.ActiveCfg = Release|Win32
		{2E09A753-3084-4C98-A6B2-EAB18911A2F7}.Release|x86.Build.0 = Release|Win32
		{EE272D78-0C28-43C0-9F4A-61593FCCED0E}.Debug|x64.ActiveCfg = Debug|x64
		{EE272D78-0C28-43C0-9F4A-61593FCCED0E}.Debug|x64.Build.0 = Debug|x64
		{EE272D78-0C28-43C0-9F4A-61593FCCED0E}.Debug|x86.ActiveCfg = Debug|Win32
		{EE272D78-0C28-43C0-9F4A-61593FCCED0E}.Debug|x86.Build.0 = Debug|Win32
		{EE272D78-0C28-43C0-9F4A-61593FCCED0E}.Release|x64.ActiveCfg = Release|x64
		{EE272D78-0C28-43C0-9F4A-61593FCCED0E}.Release|x64.Build.0 = Release|x64
		{EE272D78-0C28-43C0-9F4A-61593FCCED0E}.Release|x86.ActiveCfg = Release|Win32
		{EE272D78-0C28-43C0-9F4A-61593FCCED0E}.Release|x86.Build.0 = Release|Win32
		{6A3DABA7-B711-4611-A110-4039E2D23196}.Debug|x64.ActiveCfg = Debug|x64
		{6A3DABA7-B711-4611-A110-4039E2D23196}.Debug|x64.Build.0 = Debug|x64
		{6A3DABA7-B711-4611-A110-4039E2D23196}.Debug|x86.ActiveCfg = Debug|Win32
		{6A3DABA7-B711-4611-A110-4039E2D23196}.Debug|x86.Build.0 = Debug|Win32
		{6A3DABA7-B711-4611-A110-4039E2D23196}.Release|x64.ActiveCfg = Release|x64
		{6A3DABA7-B711-4611-A110-4039E2D23196}.Release|x64.Build.0 = Release|x64
		{6A3DABA7-B711-4611-A110-4039E2D23196}.Release|x86.ActiveCfg = Release|Win32
		{6A3DABA7-B711-4611-A110-4039E2D23196}.Release|x86.Build.0 = Release|Win32
		{E8F29194-F52B-4841-89A6-163B65AAF207}.Debug|x64.ActiveCfg = Debug|x64
		{E8F29194-F52B-4841-89A6-163B65AAF207}.Debug|x64.Build.0 = Debug|x64
		{E8F29194-F52B-4841-89A6-163B65AAF207}.Debug|x86.ActiveCfg = Debug|Win32
		{E8F29194-F52B-4841-89A6-163B65AAF207}.Debug|x86.Build.0 = Debug|Win32
		{E8F29194-F52B-4841-89A6-163B65AAF207}.Release|x64.ActiveCfg = Release|x64
		{E8F29194-F52B-4841-89A6-163B65AAF207}.Release|x64.Build.0 = Release|x64
		{E8F29194-F52B-4841-89A6-163B65AAF207}.Release|x86.ActiveCfg = Release|Win32
		{E8F29194-F52B-4841-89A6-163B65AAF207}.Release|x86.Build.0 = Release|Win32
		{263A328F-E0A4-428A-BB57-8EFDE6EE00B0}.Debug|x64.ActiveCfg = Debug|x64
		{263A328F-E0A4-428A-BB57-8EFDE6EE00B0}.Debug|x64.Build.0 = Debug|x64
		{263A328F-E0A4-428A-BB57-8EFDE6EE00B0}.Debug|x86.ActiveCfg = Debug|Win32
		{263A328F-E0A4-428A-BB57-8EFDE6EE00B0}.Debug|x86.Build.0 = Debug|Win32
		{263A328F-E0A4-428A-BB57-8EFDE6EE00B0}.Release|x64.ActiveCfg = Release|x64
		{263A328F-E0A4-428A-BB57-8EFDE6EE00B0}.Release|x64.Build.0 = Release|x64
		{263A328F-E0A4-428A-BB57-8EFDE6EE00B0}.Release|x86.ActiveCfg = Release|Win32
		{263A328F-E0A4-428A-BB57-8EFDE6EE00B0}.Release|x86.Build.0 = Release|Win32
		{659D96E5-65D6-4AB1-A316-A94678B460B2}.Debug|x64.ActiveCfg = Debug|x64
		{659D96E5-65D6-4AB1-A316-A94678B460B2}.Debug|x64.Build.0 = Debug|x64
		{659D96E5-65D6-4AB1-A316-A94678B460B2}.Debug|x86.ActiveCfg = Debug|Win32
		{659D96E5-65D6-4AB1-A316-A94678B460B2}.Debug|x86.Build.0 = Debug|Win32
		{659D96E5-65D6-4AB1-A316-A94678B460B2}.Release|x64.ActiveCfg = Release|x64
		{659D96E5-65D6-4AB1-A316-A94678B460B2}.Release|x64.Build.0 = Release|x64
		{659D96E5-65D6-4AB1-A316-A94678B460B2}.Release|x86.ActiveCfg = Release|Win32
		{659D96E5-65D6-4AB1-A316-A94678B460B2}.Release|x86.Build.0 = Release|Win32
		{0BE4C742-19B4-4D77-926B-19B66EA48CE8}.Debug|x64.ActiveCfg = Debug|x64
		{0BE4C742-19B4-4D77-926B-19B66EA48CE8}.Debug|x64.Build.0 = Debug|x64
		{0BE4C742-19B4-4D77-926B-19B66EA48CE8}.Debug|x86.ActiveCfg = Debug|Win32
		{0BE4C742-19B4-4D77-926B-19B66EA48CE8}.Debug|x86.Build.0 = Debug|Win32
		{0BE4C742-19B4-4D77-926B-19B66EA48CE8}.Release|x64.ActiveCfg = Release|x64
		{0BE4C742-19B4-4D77-926B-19B66EA48CE8}.Release|x64.Build.0 = Release|x64
		{0BE4C742-19B4-4D77-926B-19B66EA48CE8}.Release|x86.ActiveCfg = Release|Win32
		{0BE4C742-19B4-4D77-926B-19B66EA48CE8}.Release|x86.Build.0 = Release|Win32
	EndGlobalSection
	GlobalSection(SolutionProperties) = preSolution
		HideSolutionNode = FALSE
	EndGlobalSection
	GlobalSection(NestedProjects) = preSolution
		{6EC2E46D-3735-4F80-8E93-85A9E6B8B222} = {97235E03-FEC9-49A5-AAE5-C8C11C929EE2}
		{2E09A753-3084-4C98-A6B2-EAB18911A2F7} = {97235E03-FEC9-49A5-AAE5-C8C11C929EE2}
		{EE272D78-0C28-43C0-9F4A-61593FCCED0E} = {97235E03-FEC9-49A5-AAE5-C8C11C929EE2}
		{6A3DABA7-B711-4611-A110-4039E2D23196} = {97235E03-FEC9-49A5-AAE5-C8C11C929EE2}
		{E8F29194-F52B-4841-89A6-163B65AAF207} = {97235E03-FEC9-49A5-AAE5-C8C11C929EE2}
		{263A328F-E0A4-428A-BB57-8EFDE6EE00B0} = {64FF070E-B2E4-40F2-B090-D44080FE1C29}
		{659D96E5-65D6-4AB1-A316-A94678B460B2} = {97235E03-FEC9-49A5-AAE5-C8C11C929EE2}
		{0BE4C742-19B4-4D77-926B-19B66EA48CE8} = {64FF070E-B2E4-40F2-B090-D44080FE1C29}
	EndGlobalSection
	GlobalSection(ExtensibilityGlobals) = postSolution
		SolutionGuid = {6E6004D9-56F3-43C3-8DC9-1C158509B78E}
	EndGlobalSection
EndGlobal
